
Microsoft Visual Studio Solution File, Format Version 12.00
# Visual Studio Version 17
VisualStudioVersion = 17.3.32901.215
MinimumVisualStudioVersion = 10.0.40219.1
Project("{FAE04EC0-301F-11D3-BF4B-00C04F79EFBC}") = "hipotenüs 1120", "hipotenüs 1120\hipotenüs 1120.csproj", "{55781B18-2A54-4FBC-A5C8-3589ACAA1D7D}"
EndProject
Global
	GlobalSection(SolutionConfigurationPlatforms) = preSolution
		Debug|Any CPU = Debug|Any CPU
		Release|Any CPU = Release|Any CPU
	EndGlobalSection
	GlobalSection(ProjectConfigurationPlatforms) = postSolution
		{55781B18-2A54-4FBC-A5C8-3589ACAA1D7D}.Debug|Any CPU.ActiveCfg = Debug|Any CPU
		{55781B18-2A54-4FBC-A5C8-3589ACAA1D7D}.Debug|Any CPU.Build.0 = Debug|Any CPU
		{55781B18-2A54-4FBC-A5C8-3589ACAA1D7D}.Release|Any CPU.ActiveCfg = Release|Any CPU
		{55781B18-2A54-4FBC-A5C8-3589ACAA1D7D}.Release|Any CPU.Build.0 = Release|Any CPU
	EndGlobalSection
	GlobalSection(SolutionProperties) = preSolution
		HideSolutionNode = FALSE
	EndGlobalSection
	GlobalSection(ExtensibilityGlobals) = postSolution
		SolutionGuid = {C2F6E275-1D22-4769-B2B1-707A403045EE}
	EndGlobalSection
EndGlobal
